
Microsoft Visual Studio Solution File, Format Version 12.00
# Visual Studio Version 16
VisualStudioVersion = 16.0.31729.503
MinimumVisualStudioVersion = 10.0.40219.1
Project("{FAE04EC0-301F-11D3-BF4B-00C04F79EFBC}") = "Receiver", "Receiver\Receiver.csproj", "{1D8847EA-4157-4C63-AA05-D1D4EA95A542}"
EndProject
Project("{FAE04EC0-301F-11D3-BF4B-00C04F79EFBC}") = "Sender", "Sender\Sender.csproj", "{FBE9BE7A-D857-4EBA-8CCE-88F46BC6B4B2}"
EndProject
Global
	GlobalSection(SolutionConfigurationPlatforms) = preSolution
		Debug|Any CPU = Debug|Any CPU
		Release|Any CPU = Release|Any CPU
	EndGlobalSection
	GlobalSection(ProjectConfigurationPlatforms) = postSolution
		{1D8847EA-4157-4C63-AA05-D1D4EA95A542}.Debug|Any CPU.ActiveCfg = Debug|Any CPU
		{1D8847EA-4157-4C63-AA05-D1D4EA95A542}.Debug|Any CPU.Build.0 = Debug|Any CPU
		{1D8847EA-4157-4C63-AA05-D1D4EA95A542}.Release|Any CPU.ActiveCfg = Release|Any CPU
		{1D8847EA-4157-4C63-AA05-D1D4EA95A542}.Release|Any CPU.Build.0 = Release|Any CPU
		{FBE9BE7A-D857-4EBA-8CCE-88F46BC6B4B2}.Debug|Any CPU.ActiveCfg = Debug|Any CPU
		{FBE9BE7A-D857-4EBA-8CCE-88F46BC6B4B2}.Debug|Any CPU.Build.0 = Debug|Any CPU
		{FBE9BE7A-D857-4EBA-8CCE-88F46BC6B4B2}.Release|Any CPU.ActiveCfg = Release|Any CPU
		{FBE9BE7A-D857-4EBA-8CCE-88F46BC6B4B2}.Release|Any CPU.Build.0 = Release|Any CPU
	EndGlobalSection
	GlobalSection(SolutionProperties) = preSolution
		HideSolutionNode = FALSE
	EndGlobalSection
	GlobalSection(ExtensibilityGlobals) = postSolution
		SolutionGuid = {D8F1044A-B976-4F90-BC59-42A3527DC6F7}
	EndGlobalSection
EndGlobal
